
Microsoft Visual Studio Solution File, Format Version 12.00
# Visual Studio 15
VisualStudioVersion = 15.0.27004.2005
MinimumVisualStudioVersion = 10.0.40219.1
Project("{FAE04EC0-301F-11D3-BF4B-00C04F79EFBC}") = "Simple CRUD Operations", "Simple CRUD Operations.csproj", "{AC20DBFD-EE82-466B-8FC1-7D46B444A2A9}"
EndProject
Global
	GlobalSection(SolutionConfigurationPlatforms) = preSolution
		Debug|Any CPU = Debug|Any CPU
		Release|Any CPU = Release|Any CPU
	EndGlobalSection
	GlobalSection(ProjectConfigurationPlatforms) = postSolution
		{AC20DBFD-EE82-466B-8FC1-7D46B444A2A9}.Debug|Any CPU.ActiveCfg = Debug|Any CPU
		{AC20DBFD-EE82-466B-8FC1-7D46B444A2A9}.Debug|Any CPU.Build.0 = Debug|Any CPU
		{AC20DBFD-EE82-466B-8FC1-7D46B444A2A9}.Release|Any CPU.ActiveCfg = Release|Any CPU
		{AC20DBFD-EE82-466B-8FC1-7D46B444A2A9}.Release|Any CPU.Build.0 = Release|Any CPU
	EndGlobalSection
	GlobalSection(SolutionProperties) = preSolution
		HideSolutionNode = FALSE
	EndGlobalSection
	GlobalSection(ExtensibilityGlobals) = postSolution
		SolutionGuid = {2587865F-881A-4BA6-9B94-E215A36EAB3E}
	EndGlobalSection
EndGlobal
